
Microsoft Visual Studio Solution File, Format Version 12.00
# Visual Studio Version 17
VisualStudioVersion = 17.10.34928.147
MinimumVisualStudioVersion = 10.0.40219.1
Project("{8BC9CEB8-8B4A-11D0-8D11-00A0C91BC942}") = "DeviceDriver", "DeviceDriver\DeviceDriver.vcxproj", "{872283C9-3558-403E-85D2-D3188CBDA60D}"
EndProject
Project("{8BC9CEB8-8B4A-11D0-8D11-00A0C91BC942}") = "Sample-Test1", "Sample-Test1\Sample-Test1.vcxproj", "{5CF08346-9E24-49CB-80B7-EE5BF9045A9C}"
EndProject
Project("{2150E333-8FDC-42A3-9474-1A3956D46DE8}") = "솔루션 항목", "솔루션 항목", "{5C765985-FCFC-42BC-B03F-4648F23CF385}"
	ProjectSection(SolutionItems) = preProject
		.gitignore = .gitignore
		README.md = README.md
	EndProjectSection
EndProject
Global
	GlobalSection(SolutionConfigurationPlatforms) = preSolution
		Debug|x64 = Debug|x64
		Debug|x86 = Debug|x86
		Release|x64 = Release|x64
		Release|x86 = Release|x86
	EndGlobalSection
	GlobalSection(ProjectConfigurationPlatforms) = postSolution
		{872283C9-3558-403E-85D2-D3188CBDA60D}.Debug|x64.ActiveCfg = Debug|x64
		{872283C9-3558-403E-85D2-D3188CBDA60D}.Debug|x64.Build.0 = Debug|x64
		{872283C9-3558-403E-85D2-D3188CBDA60D}.Debug|x86.ActiveCfg = Debug|Win32
		{872283C9-3558-403E-85D2-D3188CBDA60D}.Debug|x86.Build.0 = Debug|Win32
		{872283C9-3558-403E-85D2-D3188CBDA60D}.Release|x64.ActiveCfg = Release|x64
		{872283C9-3558-403E-85D2-D3188CBDA60D}.Release|x64.Build.0 = Release|x64
		{872283C9-3558-403E-85D2-D3188CBDA60D}.Release|x86.ActiveCfg = Release|Win32
		{872283C9-3558-403E-85D2-D3188CBDA60D}.Release|x86.Build.0 = Release|Win32
		{5CF08346-9E24-49CB-80B7-EE5BF9045A9C}.Debug|x64.ActiveCfg = Debug|x64
		{5CF08346-9E24-49CB-80B7-EE5BF9045A9C}.Debug|x64.Build.0 = Debug|x64
		{5CF08346-9E24-49CB-80B7-EE5BF9045A9C}.Debug|x86.ActiveCfg = Debug|Win32
		{5CF08346-9E24-49CB-80B7-EE5BF9045A9C}.Debug|x86.Build.0 = Debug|Win32
		{5CF08346-9E24-49CB-80B7-EE5BF9045A9C}.Release|x64.ActiveCfg = Release|x64
		{5CF08346-9E24-49CB-80B7-EE5BF9045A9C}.Release|x64.Build.0 = Release|x64
		{5CF08346-9E24-49CB-80B7-EE5BF9045A9C}.Release|x86.ActiveCfg = Release|Win32
		{5CF08346-9E24-49CB-80B7-EE5BF9045A9C}.Release|x86.Build.0 = Release|Win32
	EndGlobalSection
	GlobalSection(SolutionProperties) = preSolution
		HideSolutionNode = FALSE
	EndGlobalSection
	GlobalSection(ExtensibilityGlobals) = postSolution
		SolutionGuid = {FE63A96F-A48E-4688-82E8-AA0FE7EDC055}
	EndGlobalSection
EndGlobal
